
Microsoft Visual Studio Solution File, Format Version 12.00
# Visual Studio Version 17
VisualStudioVersion = 17.1.32407.343
MinimumVisualStudioVersion = 10.0.40219.1
Project("{8BC9CEB8-8B4A-11D0-8D11-00A0C91BC942}") = "NanaBox", "NanaBox\NanaBox.vcxproj", "{BF54E51D-D562-4F07-8FE0-EF538B0A1628}"
EndProject
Project("{C7167F0D-BC9F-4E6E-AFE1-012C56B48DB5}") = "NanaBoxPackage", "NanaBoxPackage\NanaBoxPackage.wapproj", "{82ADD9C0-8E78-4F12-B61E-F2D336EF90D4}"
EndProject
Project("{2150E333-8FDC-42A3-9474-1A3956D46DE8}") = "MaintainerTools", "MaintainerTools", "{FAF74865-43A5-4D7D-B2EB-6F4440363FCF}"
EndProject
Project("{9A19103F-16F7-4668-BE54-9A1E7A4F7556}") = "DevelopmentChannelSwitcher", "DevelopmentChannelSwitcher\DevelopmentChannelSwitcher.csproj", "{B6CA655E-6770-4F5F-9625-F130B0A97E2F}"
EndProject
Global
	GlobalSection(SolutionConfigurationPlatforms) = preSolution
		Debug|ARM64 = Debug|ARM64
		Debug|x64 = Debug|x64
		Release|ARM64 = Release|ARM64
		Release|x64 = Release|x64
	EndGlobalSection
	GlobalSection(ProjectConfigurationPlatforms) = postSolution
		{BF54E51D-D562-4F07-8FE0-EF538B0A1628}.Debug|ARM64.ActiveCfg = Debug|ARM64
		{BF54E51D-D562-4F07-8FE0-EF538B0A1628}.Debug|ARM64.Build.0 = Debug|ARM64
		{BF54E51D-D562-4F07-8FE0-EF538B0A1628}.Debug|x64.ActiveCfg = Debug|x64
		{BF54E51D-D562-4F07-8FE0-EF538B0A1628}.Debug|x64.Build.0 = Debug|x64
		{BF54E51D-D562-4F07-8FE0-EF538B0A1628}.Release|ARM64.ActiveCfg = Release|ARM64
		{BF54E51D-D562-4F07-8FE0-EF538B0A1628}.Release|ARM64.Build.0 = Release|ARM64
		{BF54E51D-D562-4F07-8FE0-EF538B0A1628}.Release|x64.ActiveCfg = Release|x64
		{BF54E51D-D562-4F07-8FE0-EF538B0A1628}.Release|x64.Build.0 = Release|x64
		{82ADD9C0-8E78-4F12-B61E-F2D336EF90D4}.Debug|ARM64.ActiveCfg = Debug|ARM64
		{82ADD9C0-8E78-4F12-B61E-F2D336EF90D4}.Debug|ARM64.Build.0 = Debug|ARM64
		{82ADD9C0-8E78-4F12-B61E-F2D336EF90D4}.Debug|ARM64.Deploy.0 = Debug|ARM64
		{82ADD9C0-8E78-4F12-B61E-F2D336EF90D4}.Debug|x64.ActiveCfg = Debug|x64
		{82ADD9C0-8E78-4F12-B61E-F2D336EF90D4}.Debug|x64.Build.0 = Debug|x64
		{82ADD9C0-8E78-4F12-B61E-F2D336EF90D4}.Debug|x64.Deploy.0 = Debug|x64
		{82ADD9C0-8E78-4F12-B61E-F2D336EF90D4}.Release|ARM64.ActiveCfg = Release|ARM64
		{82ADD9C0-8E78-4F12-B61E-F2D336EF90D4}.Release|ARM64.Build.0 = Release|ARM64
		{82ADD9C0-8E78-4F12-B61E-F2D336EF90D4}.Release|ARM64.Deploy.0 = Release|ARM64
		{82ADD9C0-8E78-4F12-B61E-F2D336EF90D4}.Release|x64.ActiveCfg = Release|x64
		{82ADD9C0-8E78-4F12-B61E-F2D336EF90D4}.Release|x64.Build.0 = Release|x64
		{82ADD9C0-8E78-4F12-B61E-F2D336EF90D4}.Release|x64.Deploy.0 = Release|x64
		{B6CA655E-6770-4F5F-9625-F130B0A97E2F}.Debug|ARM64.ActiveCfg = Debug|Any CPU
		{B6CA655E-6770-4F5F-9625-F130B0A97E2F}.Debug|x64.ActiveCfg = Debug|Any CPU
		{B6CA655E-6770-4F5F-9625-F130B0A97E2F}.Debug|x64.Build.0 = Debug|Any CPU
		{B6CA655E-6770-4F5F-9625-F130B0A97E2F}.Release|ARM64.ActiveCfg = Release|Any CPU
		{B6CA655E-6770-4F5F-9625-F130B0A97E2F}.Release|x64.ActiveCfg = Release|Any CPU
		{B6CA655E-6770-4F5F-9625-F130B0A97E2F}.Release|x64.Build.0 = Release|Any CPU
	EndGlobalSection
	GlobalSection(SolutionProperties) = preSolution
		HideSolutionNode = FALSE
	EndGlobalSection
	GlobalSection(NestedProjects) = preSolution
		{B6CA655E-6770-4F5F-9625-F130B0A97E2F} = {FAF74865-43A5-4D7D-B2EB-6F4440363FCF}
	EndGlobalSection
	GlobalSection(ExtensibilityGlobals) = postSolution
		SolutionGuid = {7627A5CA-0060-40C3-AFB8-4CB697A9197E}
	EndGlobalSection
EndGlobal
