<?xml version="1.0" encoding="utf-8"?>
<Project ToolsVersion="4.0" xmlns="http://schemas.microsoft.com/developer/msbuild/2003">
  <ItemGroup>
    <ClCompile Include="NanaBox.cpp" />
    <ClCompile Include="RdpClient.cpp">
      <Filter>RdpClient</Filter>
    </ClCompile>
    <ClCompile Include="HostCompute.cpp">
      <Filter>HostCompute</Filter>
    </ClCompile>
    <ClCompile Include="$(GeneratedFilesDir)module.g.cpp" />
    <ClCompile Include="pch.cpp" />
    <ClCompile Include="VirtualMachineConfiguration.cpp">
      <Filter>VirtualMachineConfiguration</Filter>
    </ClCompile>
  </ItemGroup>
  <ItemGroup>
    <Manifest Include="NanaBox.manifest" />
  </ItemGroup>
  <ItemGroup>
    <ClInclude Include="Mile.Project.Properties.h" />
    <ClInclude Include="MsTscAx.h">
      <Filter>RdpClient</Filter>
    </ClInclude>
    <ClInclude Include="RdpClient.h">
      <Filter>RdpClient</Filter>
    </ClInclude>
    <ClInclude Include="HostCompute.h">
      <Filter>HostCompute</Filter>
    </ClInclude>
    <ClInclude Include="NanaBoxResources.h" />
    <ClInclude Include="pch.h" />
    <ClInclude Include="VirtualMachineConfiguration.h">
      <Filter>VirtualMachineConfiguration</Filter>
    </ClInclude>
  </ItemGroup>
  <ItemGroup>
    <Filter Include="RdpClient">
      <UniqueIdentifier>{f8be7eb0-4f2f-46ec-bd97-4b1cf3c26ed7}</UniqueIdentifier>
    </Filter>
    <Filter Include="HostCompute">
      <UniqueIdentifier>{e489b7f6-6f4d-47c2-b821-915b5528c4e8}</UniqueIdentifier>
    </Filter>
    <Filter Include="VirtualMachineConfiguration">
      <UniqueIdentifier>{80460fc0-e997-49cc-848e-d24bb72e5521}</UniqueIdentifier>
    </Filter>
  </ItemGroup>
  <ItemGroup>
    <ApplicationDefinition Include="App.xaml" />
  </ItemGroup>
  <ItemGroup>
    <None Include="PropertySheet.props" />
  </ItemGroup>
  <ItemGroup>
    <Page Include="MainWindowControl.xaml" />
    <Page Include="MainWindowExitNoticeControl.xaml" />
  </ItemGroup>
  <ItemGroup>
    <ResourceCompile Include="NanaBoxResources.rc" />
  </ItemGroup>
  <ItemGroup>
    <Midl Include="DelegateTypes.idl" />
  </ItemGroup>
</Project>