<?xml version="1.0" encoding="utf-8"?>
<Project ToolsVersion="4.0" xmlns="http://schemas.microsoft.com/developer/msbuild/2003">
  <ItemGroup>
    <ClCompile Include="NanaBox.cpp" />
    <ClCompile Include="RdpClient.cpp">
      <Filter>RdpClient</Filter>
    </ClCompile>
    <ClCompile Include="HostCompute.cpp">
      <Filter>HostCompute</Filter>
    </ClCompile>
    <ClCompile Include="$(GeneratedFilesDir)module.g.cpp" />
    <ClCompile Include="pch.cpp" />
    <ClCompile Include="VirtualMachineConfiguration.cpp">
      <Filter>VirtualMachineConfiguration</Filter>
    </ClCompile>
    <ClCompile Include="ConfigurationWindow.cpp">
      <Filter>ConfigurationUI</Filter>
    </ClCompile>
    <ClCompile Include="Utils.cpp" />
    <ClCompile Include="Environment.cpp" />
  </ItemGroup>
  <ItemGroup>
    <Manifest Include="NanaBox.manifest" />
  </ItemGroup>
  <ItemGroup>
    <ClInclude Include="MsTscAx.h">
      <Filter>RdpClient</Filter>
    </ClInclude>
    <ClInclude Include="RdpClient.h">
      <Filter>RdpClient</Filter>
    </ClInclude>
    <ClInclude Include="HostCompute.h">
      <Filter>HostCompute</Filter>
    </ClInclude>
    <ClInclude Include="NanaBoxResources.h" />
    <ClInclude Include="pch.h" />
    <ClInclude Include="VirtualMachineConfiguration.h">
      <Filter>VirtualMachineConfiguration</Filter>
    </ClInclude>
    <ClInclude Include="ConfigurationWindow.h">
      <Filter>ConfigurationUI</Filter>
    </ClInclude>
    <ClInclude Include="Utils.h" />
    <ClInclude Include="Environment.h" />
  </ItemGroup>
  <ItemGroup>
    <Filter Include="RdpClient">
      <UniqueIdentifier>{f8be7eb0-4f2f-46ec-bd97-4b1cf3c26ed7}</UniqueIdentifier>
    </Filter>
    <Filter Include="HostCompute">
      <UniqueIdentifier>{e489b7f6-6f4d-47c2-b821-915b5528c4e8}</UniqueIdentifier>
    </Filter>
    <Filter Include="VirtualMachineConfiguration">
      <UniqueIdentifier>{80460fc0-e997-49cc-848e-d24bb72e5521}</UniqueIdentifier>
    </Filter>
    <Filter Include="Strings">
      <UniqueIdentifier>{1cdb8d5a-8e9a-4f86-a8aa-f2817908b2d8}</UniqueIdentifier>
    </Filter>
    <Filter Include="Strings\en">
      <UniqueIdentifier>{f780b885-61d0-4592-8721-dd70bf5332e2}</UniqueIdentifier>
    </Filter>
    <Filter Include="Strings\zh-Hans">
      <UniqueIdentifier>{94bc5f35-ec7d-4199-9dc0-8926e5c0615d}</UniqueIdentifier>
    </Filter>
    <Filter Include="ConfigurationUI">
      <UniqueIdentifier>{f77a3dcb-f36b-41cd-8077-4b0aea55436b}</UniqueIdentifier>
    </Filter>
    <Filter Include="ConfigurationUI\ViewModels">
      <UniqueIdentifier>{9623e668-eebc-4549-acf3-55249b1f21f2}</UniqueIdentifier>
    </Filter>
    <Filter Include="Controls">
      <UniqueIdentifier>{654c0547-9ddc-4987-9bd0-85b0d3e85b92}</UniqueIdentifier>
    </Filter>
    <Filter Include="ConfigurationUI\Views">
      <UniqueIdentifier>{223bcb1e-b23e-41bb-b232-68f6d7a82f9a}</UniqueIdentifier>
    </Filter>
  </ItemGroup>
  <ItemGroup>
    <ApplicationDefinition Include="App.xaml" />
  </ItemGroup>
  <ItemGroup>
    <None Include="PropertySheet.props" />
  </ItemGroup>
  <ItemGroup>
    <Page Include="MainWindowControl.xaml" />
    <Page Include="MinimalExpanderStyles.xaml">
      <Filter>Controls</Filter>
    </Page>
    <Page Include="ConfigurationStyles.xaml">
      <Filter>ConfigurationUI</Filter>
    </Page>
    <Page Include="BasicConfigurationPage.xaml">
      <Filter>ConfigurationUI\Views</Filter>
    </Page>
    <Page Include="ConfigurationWindowControl.xaml">
      <Filter>ConfigurationUI\Views</Filter>
    </Page>
    <Page Include="GraphicsConfigurationPage.xaml">
      <Filter>ConfigurationUI\Views</Filter>
    </Page>
    <Page Include="StorageConfigurationPage.xaml">
      <Filter>ConfigurationUI\Views</Filter>
    </Page>
    <Page Include="NetworkConfigurationPage.xaml">
      <Filter>ConfigurationUI\Views</Filter>
    </Page>
    <Page Include="SystemConfigurationPage.xaml">
      <Filter>ConfigurationUI\Views</Filter>
    </Page>
    <Page Include="ExitConfirmationPage.xaml" />
  </ItemGroup>
  <ItemGroup>
    <ResourceCompile Include="NanaBoxResources.rc" />
  </ItemGroup>
  <ItemGroup>
    <Midl Include="DelegateTypes.idl" />
    <Midl Include="ComPortsViewModel.idl">
      <Filter>ConfigurationUI\ViewModels</Filter>
    </Midl>
    <Midl Include="ConfigurationViewModel.idl">
      <Filter>ConfigurationUI\ViewModels</Filter>
    </Midl>
    <Midl Include="GpuViewModel.idl">
      <Filter>ConfigurationUI\ViewModels</Filter>
    </Midl>
    <Midl Include="NetworkAdapterViewModel.idl">
      <Filter>ConfigurationUI\ViewModels</Filter>
    </Midl>
    <Midl Include="ScsiDeviceViewModel.idl">
      <Filter>ConfigurationUI\ViewModels</Filter>
    </Midl>
    <Midl Include="MinimalExpander.idl">
      <Filter>Controls</Filter>
    </Midl>
    <Midl Include="SelectOption.idl">
      <Filter>ConfigurationUI\ViewModels</Filter>
    </Midl>
    <Midl Include="ScsiDeviceDataTemplateSelector.idl">
      <Filter>ConfigurationUI\ViewModels</Filter>
    </Midl>
    <Midl Include="RelayCommand.idl">
      <Filter>ConfigurationUI\ViewModels</Filter>
    </Midl>
    <Midl Include="BooleanToStringConverter.idl">
      <Filter>ConfigurationUI\ViewModels</Filter>
    </Midl>
  </ItemGroup>
  <ItemGroup>
    <PRIResource Include="Strings\en\VirtualMachineExitConfirmationPage.resw">
      <Filter>Strings\en</Filter>
    </PRIResource>
    <PRIResource Include="Strings\zh-Hans\VirtualMachineExitConfirmationPage.resw">
      <Filter>Strings\zh-Hans</Filter>
    </PRIResource>
    <PRIResource Include="Strings\en\MainWindow.resw">
      <Filter>Strings\en</Filter>
    </PRIResource>
    <PRIResource Include="Strings\zh-Hans\MainWindow.resw">
      <Filter>Strings\zh-Hans</Filter>
    </PRIResource>
    <PRIResource Include="Strings\en\Messages.resw">
      <Filter>Strings\en</Filter>
    </PRIResource>
    <PRIResource Include="Strings\zh-Hans\Messages.resw">
      <Filter>Strings\zh-Hans</Filter>
    </PRIResource>
  </ItemGroup>
</Project>